Microsoft Visual Studio Solution File, Format Version 11.00
# Visual Studio 2010
Project("{2150E333-8FDC-42A3-9474-1A3956D46DE8}") = "Solution Items", "Solution Items", "{F919DE53-A948-4C78-969D-922DBA281B37}"
	ProjectSection(SolutionItems) = preProject
		..\..\..\LICENSE.txt = ..\..\..\LICENSE.txt
		..\..\..\Readme.htm = ..\..\..\Readme.htm
		..\..\..\ReleaseNotes.htm = ..\..\..\ReleaseNotes.htm
	EndProjectSection
EndProject
Project("{FAE04EC0-301F-11D3-BF4B-00C04F79EFBC}") = "SolidCP.Import.Enterprise", "SolidCP.Import.Enterprise\SolidCP.Import.Enterprise.csproj", "{3CC79CB9-C8B9-4658-A3C6-AE023445D091}"
EndProject
Global
	GlobalSection(SolutionConfigurationPlatforms) = preSolution
		Debug|Any CPU = Debug|Any CPU
		Release|Any CPU = Release|Any CPU
	EndGlobalSection
	GlobalSection(ProjectConfigurationPlatforms) = postSolution
		{3CC79CB9-C8B9-4658-A3C6-AE023445D091}.Debug|Any CPU.ActiveCfg = Debug|Any CPU
		{3CC79CB9-C8B9-4658-A3C6-AE023445D091}.Debug|Any CPU.Build.0 = Debug|Any CPU
		{3CC79CB9-C8B9-4658-A3C6-AE023445D091}.Release|Any CPU.ActiveCfg = Release|Any CPU
		{3CC79CB9-C8B9-4658-A3C6-AE023445D091}.Release|Any CPU.Build.0 = Release|Any CPU
	EndGlobalSection
	GlobalSection(SolutionProperties) = preSolution
		HideSolutionNode = FALSE
	EndGlobalSection
EndGlobal
