
Microsoft Visual Studio Solution File, Format Version 12.00
# Visual Studio 2012
Project("{FAE04EC0-301F-11D3-BF4B-00C04F79EFBC}") = "SolidCP.Providers.Database.SqlServer", "SolidCP.Providers.Database.SqlServer.csproj", "{3744791D-C7B5-4818-8521-78EB5261CB34}"
EndProject
Global
	GlobalSection(SolutionConfigurationPlatforms) = preSolution
		Debug|Any CPU = Debug|Any CPU
		Release|Any CPU = Release|Any CPU
	EndGlobalSection
	GlobalSection(ProjectConfigurationPlatforms) = postSolution
		{3744791D-C7B5-4818-8521-78EB5261CB34}.Debug|Any CPU.ActiveCfg = Debug|Any CPU
		{3744791D-C7B5-4818-8521-78EB5261CB34}.Debug|Any CPU.Build.0 = Debug|Any CPU
		{3744791D-C7B5-4818-8521-78EB5261CB34}.Release|Any CPU.ActiveCfg = Release|Any CPU
		{3744791D-C7B5-4818-8521-78EB5261CB34}.Release|Any CPU.Build.0 = Release|Any CPU
	EndGlobalSection
	GlobalSection(SolutionProperties) = preSolution
		HideSolutionNode = FALSE
	EndGlobalSection
EndGlobal
