
Microsoft Visual Studio Solution File, Format Version 12.00
# Visual Studio Version 17
VisualStudioVersion = 17.12.35707.178
MinimumVisualStudioVersion = 10.0.40219.1
Project("{FAE04EC0-301F-11D3-BF4B-00C04F79EFBC}") = "SolidCP.UniversalInstaller", "SolidCP.UniversalInstaller\SolidCP.UniversalInstaller.csproj", "{F70D8206-164A-4020-BF29-8E76EBA9CB13}"
EndProject
Project("{54435603-DBB4-11D2-8724-00A0C9A8B90C}") = "SolidCP.UniversalInstaller.Setup", "SolidCP.UniversalInstaller.Setup\SolidCP.UniversalInstaller.Setup.vdproj", "{0119D928-758E-46CC-9DD8-B90B7DB027E5}"
EndProject
Global
	GlobalSection(SolutionConfigurationPlatforms) = preSolution
		Debug|Any CPU = Debug|Any CPU
		Release|Any CPU = Release|Any CPU
	EndGlobalSection
	GlobalSection(ProjectConfigurationPlatforms) = postSolution
		{F70D8206-164A-4020-BF29-8E76EBA9CB13}.Debug|Any CPU.ActiveCfg = Debug|Any CPU
		{F70D8206-164A-4020-BF29-8E76EBA9CB13}.Debug|Any CPU.Build.0 = Debug|Any CPU
		{F70D8206-164A-4020-BF29-8E76EBA9CB13}.Release|Any CPU.ActiveCfg = Release|Any CPU
		{F70D8206-164A-4020-BF29-8E76EBA9CB13}.Release|Any CPU.Build.0 = Release|Any CPU
		{0119D928-758E-46CC-9DD8-B90B7DB027E5}.Debug|Any CPU.ActiveCfg = Debug
		{0119D928-758E-46CC-9DD8-B90B7DB027E5}.Debug|Any CPU.Build.0 = Debug
		{0119D928-758E-46CC-9DD8-B90B7DB027E5}.Release|Any CPU.ActiveCfg = Release
		{0119D928-758E-46CC-9DD8-B90B7DB027E5}.Release|Any CPU.Build.0 = Release
	EndGlobalSection
	GlobalSection(SolutionProperties) = preSolution
		HideSolutionNode = FALSE
	EndGlobalSection
EndGlobal
