Microsoft Visual Studio Solution File, Format Version 12.00
# Visual Studio Version 17
VisualStudioVersion = 17.8.34309.116
MinimumVisualStudioVersion = 10.0.40219.1
Project("{2150E333-8FDC-42A3-9474-1A3956D46DE8}") = "Solution Items", "Solution Items", "{129305D5-A9E6-4DCE-BFF6-41809E13EEEE}"
	ProjectSection(SolutionItems) = preProject
		..\..\SolidCP\build.xml = ..\..\SolidCP\build.xml
		..\..\LICENSE.txt = ..\..\LICENSE.txt
		..\..\Readme.htm = ..\..\Readme.htm
		..\..\ReleaseNotes.htm = ..\..\ReleaseNotes.htm
		VersionInfo.cs = VersionInfo.cs
	EndProjectSection
EndProject
Project("{9A19103F-16F7-4668-BE54-9A1E7A4F7556}") = "SolidCP.Installer", "SolidCP.Installer\SolidCP.Installer.csproj", "{A358C6E2-F57D-4AB9-B13D-FD3048134143}"
EndProject
Project("{9A19103F-16F7-4668-BE54-9A1E7A4F7556}") = "SolidCP.Updater", "SolidCP.Updater\SolidCP.Updater.csproj", "{F01A019E-1501-45A2-94D8-C621866A3ECD}"
EndProject
Project("{9A19103F-16F7-4668-BE54-9A1E7A4F7556}") = "SolidCP.Setup", "SolidCP.Setup\SolidCP.Setup.csproj", "{3951C0EC-BD98-450E-B228-CDBE5BD4AD49}"
EndProject
Project("{9A19103F-16F7-4668-BE54-9A1E7A4F7556}") = "SolidCP.Installer.Core", "SolidCP.Installer.Core\SolidCP.Installer.Core.csproj", "{0E4A3F5B-0BB1-4F63-863D-7B0182B378CF}"
EndProject
Project("{9A19103F-16F7-4668-BE54-9A1E7A4F7556}") = "SolidCP.EnterpriseServer.Base", "..\..\SolidCP\Sources\SolidCP.EnterpriseServer.Base\SolidCP.EnterpriseServer.Base.csproj", "{C09CE910-F16B-48A1-B2CC-C99B8C1CF775}"
EndProject
Project("{9A19103F-16F7-4668-BE54-9A1E7A4F7556}") = "SolidCP.Providers.Base", "..\..\SolidCP\Sources\SolidCP.Providers.Base\SolidCP.Providers.Base.csproj", "{684C932A-6C75-46AC-A327-F3689D89EB42}"
EndProject
Project("{9A19103F-16F7-4668-BE54-9A1E7A4F7556}") = "SolidCP.EnterpriseServer.Client", "..\..\SolidCP\Sources\SolidCP.EnterpriseServer\WebServices\SolidCP.Build\SolidCP.EnterpriseServer.Client.csproj", "{FD954985-A168-463A-9C29-4E97AEA7ED0F}"
EndProject
Project("{9A19103F-16F7-4668-BE54-9A1E7A4F7556}") = "SolidCP.Web.Clients", "..\..\SolidCP\Sources\SolidCP.Web.Clients\SolidCP.Web.Clients.csproj", "{16E7E997-1E0F-4F24-8F0A-961FAFA93F72}"
EndProject
Project("{9A19103F-16F7-4668-BE54-9A1E7A4F7556}") = "SolidCP.UniversalInstaller.Core", "SolidCP.UniversalInstaller.Core\SolidCP.UniversalInstaller.Core.csproj", "{B6D067C1-E5AF-4E37-8D58-92CA53445400}"
EndProject
Project("{9A19103F-16F7-4668-BE54-9A1E7A4F7556}") = "SolidCP.Providers.OS.Unix", "..\..\SolidCP\Sources\SolidCP.Providers.OS.Unix\SolidCP.Providers.OS.Unix.csproj", "{1273D02F-6C5C-4752-86CE-99D504F6CFFA}"
EndProject
Project("{9A19103F-16F7-4668-BE54-9A1E7A4F7556}") = "SolidCP.Providers.OS.Windows2003", "..\..\SolidCP\Sources\SolidCP.Providers.OS.Windows2003\SolidCP.Providers.OS.Windows2003.csproj", "{899B3048-46BE-4C4D-9D41-0043C8B0D11E}"
EndProject
Project("{9A19103F-16F7-4668-BE54-9A1E7A4F7556}") = "SolidCP.Providers.OS.Windows2008", "..\..\SolidCP\Sources\SolidCP.Providers.OS.Windows2008\SolidCP.Providers.OS.Windows2008.csproj", "{BED2F43F-2DD8-45CF-AD7C-86799897C575}"
EndProject
Project("{9A19103F-16F7-4668-BE54-9A1E7A4F7556}") = "SolidCP.Providers.OS.Windows2012", "..\..\SolidCP\Sources\SolidCP.Providers.OS.Windows2012\SolidCP.Providers.OS.Windows2012.csproj", "{27130BBB-76FA-411E-8B4D-51CD4DC821AF}"
EndProject
Project("{9A19103F-16F7-4668-BE54-9A1E7A4F7556}") = "SolidCP.Providers.OS.Windows2016", "..\..\SolidCP\Sources\SolidCP.Providers.OS.Windows2016\SolidCP.Providers.OS.Windows2016.csproj", "{4396082E-EC55-4741-A183-D0E374ADC2FD}"
EndProject
Project("{9A19103F-16F7-4668-BE54-9A1E7A4F7556}") = "SolidCP.Providers.OS.Windows2019", "..\..\SolidCP\Sources\SolidCP.Providers.OS.Windows2019\SolidCP.Providers.OS.Windows2019.csproj", "{C4B1EA53-1417-473F-BB8E-E71BE84DB3A5}"
EndProject
Project("{9A19103F-16F7-4668-BE54-9A1E7A4F7556}") = "SolidCP.Providers.OS.Windows2022", "..\..\SolidCP\Sources\SolidCP.Providers.OS.Windows2022\SolidCP.Providers.OS.Windows2022.csproj", "{05B23C2B-15CE-48EF-995C-C5E517A04011}"
EndProject
Project("{9A19103F-16F7-4668-BE54-9A1E7A4F7556}") = "SolidCP.Providers.Web.IIs60", "..\..\SolidCP\Sources\SolidCP.Providers.Web.IIs60\SolidCP.Providers.Web.IIs60.csproj", "{9BE0317D-E42E-4FF6-9A87-8C801F046EA1}"
EndProject
Project("{9A19103F-16F7-4668-BE54-9A1E7A4F7556}") = "SolidCP.Providers.Web.IIs70", "..\..\SolidCP\Sources\SolidCP.Providers.Web.IIS70\SolidCP.Providers.Web.IIs70.csproj", "{1B9DCE85-C664-49FC-B6E1-86C63CAB88D1}"
EndProject
Project("{9A19103F-16F7-4668-BE54-9A1E7A4F7556}") = "SolidCP.Providers.Web.IIs80", "..\..\SolidCP\Sources\SolidCP.Providers.Web.IIs80\SolidCP.Providers.Web.IIs80.csproj", "{6E348968-461D-45A1-B235-4F552947B9F1}"
EndProject
Project("{9A19103F-16F7-4668-BE54-9A1E7A4F7556}") = "SolidCP.Providers.Web.IIs100", "..\..\SolidCP\Sources\SolidCP.Providers.Web.IIs100\SolidCP.Providers.Web.IIs100.csproj", "{9B99F215-5029-4779-BC2F-6D83CBB42205}"
EndProject
Project("{9A19103F-16F7-4668-BE54-9A1E7A4F7556}") = "SolidCP.Providers.Web.LetsEncrypt", "..\..\SolidCP\Sources\SolidCP.Providers.Web.LetsEncrypt\SolidCP.Providers.Web.LetsEncrypt.csproj", "{4E59EF03-997A-4B41-8CA7-01A5DB5613FF}"
EndProject
Project("{9A19103F-16F7-4668-BE54-9A1E7A4F7556}") = "SolidCP.Server.Utils", "..\..\SolidCP\Sources\SolidCP.Server.Utils\SolidCP.Server.Utils.csproj", "{E91E52F3-9555-4D00-B577-2B1DBDD87CA7}"
EndProject
Project("{9A19103F-16F7-4668-BE54-9A1E7A4F7556}") = "SolidCP.UniversalInstaller.DotnetHost", "SolidCP.UniversalInstaller.DotnetHost\SolidCP.UniversalInstaller.DotnetHost.csproj", "{830725BD-AEEB-4BF6-A3E7-AD430FB2B09C}"
EndProject
Project("{9A19103F-16F7-4668-BE54-9A1E7A4F7556}") = "SolidCP.SilentInstaller", "SolidCP.SilentInstaller\SolidCP.SilentInstaller.csproj", "{6D72B8A9-D10F-4D3D-96FD-E69FBA3CC063}"
EndProject
Project("{9A19103F-16F7-4668-BE54-9A1E7A4F7556}") = "SolidCP.SchedulerServiceInstaller", "SolidCP.SchedulerServiceInstaller\SolidCP.SchedulerServiceInstaller.csproj", "{22B66568-AA66-4859-90BF-8799CB5D2C21}"
EndProject
Project("{9A19103F-16F7-4668-BE54-9A1E7A4F7556}") = "SolidCP.EnterpriseServer.Data", "..\..\SolidCP\Sources\SolidCP.EnterpriseServer.Data\SolidCP.EnterpriseServer.Data.csproj", "{351C8F3C-7E44-4D92-A398-186CF62B88DA}"
EndProject
Global
	GlobalSection(SolutionConfigurationPlatforms) = preSolution
		Debug|Any CPU = Debug|Any CPU
		Debug|Mixed Platforms = Debug|Mixed Platforms
		Debug|x86 = Debug|x86
		Release|Any CPU = Release|Any CPU
		Release|Mixed Platforms = Release|Mixed Platforms
		Release|x86 = Release|x86
	EndGlobalSection
	GlobalSection(ProjectConfigurationPlatforms) = postSolution
		{A358C6E2-F57D-4AB9-B13D-FD3048134143}.Debug|Any CPU.ActiveCfg = Debug|Any CPU
		{A358C6E2-F57D-4AB9-B13D-FD3048134143}.Debug|Any CPU.Build.0 = Debug|Any CPU
		{A358C6E2-F57D-4AB9-B13D-FD3048134143}.Debug|Mixed Platforms.ActiveCfg = Debug|Any CPU
		{A358C6E2-F57D-4AB9-B13D-FD3048134143}.Debug|Mixed Platforms.Build.0 = Debug|Any CPU
		{A358C6E2-F57D-4AB9-B13D-FD3048134143}.Debug|x86.ActiveCfg = Debug|Any CPU
		{A358C6E2-F57D-4AB9-B13D-FD3048134143}.Release|Any CPU.ActiveCfg = Release|Any CPU
		{A358C6E2-F57D-4AB9-B13D-FD3048134143}.Release|Any CPU.Build.0 = Release|Any CPU
		{A358C6E2-F57D-4AB9-B13D-FD3048134143}.Release|Mixed Platforms.ActiveCfg = Release|Any CPU
		{A358C6E2-F57D-4AB9-B13D-FD3048134143}.Release|Mixed Platforms.Build.0 = Release|Any CPU
		{A358C6E2-F57D-4AB9-B13D-FD3048134143}.Release|x86.ActiveCfg = Release|Any CPU
		{F01A019E-1501-45A2-94D8-C621866A3ECD}.Debug|Any CPU.ActiveCfg = Debug|Any CPU
		{F01A019E-1501-45A2-94D8-C621866A3ECD}.Debug|Any CPU.Build.0 = Debug|Any CPU
		{F01A019E-1501-45A2-94D8-C621866A3ECD}.Debug|Mixed Platforms.ActiveCfg = Debug|Any CPU
		{F01A019E-1501-45A2-94D8-C621866A3ECD}.Debug|Mixed Platforms.Build.0 = Debug|Any CPU
		{F01A019E-1501-45A2-94D8-C621866A3ECD}.Debug|x86.ActiveCfg = Debug|Any CPU
		{F01A019E-1501-45A2-94D8-C621866A3ECD}.Release|Any CPU.ActiveCfg = Release|Any CPU
		{F01A019E-1501-45A2-94D8-C621866A3ECD}.Release|Any CPU.Build.0 = Release|Any CPU
		{F01A019E-1501-45A2-94D8-C621866A3ECD}.Release|Mixed Platforms.ActiveCfg = Release|Any CPU
		{F01A019E-1501-45A2-94D8-C621866A3ECD}.Release|Mixed Platforms.Build.0 = Release|Any CPU
		{F01A019E-1501-45A2-94D8-C621866A3ECD}.Release|x86.ActiveCfg = Release|Any CPU
		{3951C0EC-BD98-450E-B228-CDBE5BD4AD49}.Debug|Any CPU.ActiveCfg = Debug|Any CPU
		{3951C0EC-BD98-450E-B228-CDBE5BD4AD49}.Debug|Any CPU.Build.0 = Debug|Any CPU
		{3951C0EC-BD98-450E-B228-CDBE5BD4AD49}.Debug|Mixed Platforms.ActiveCfg = Debug|Any CPU
		{3951C0EC-BD98-450E-B228-CDBE5BD4AD49}.Debug|Mixed Platforms.Build.0 = Debug|Any CPU
		{3951C0EC-BD98-450E-B228-CDBE5BD4AD49}.Debug|x86.ActiveCfg = Debug|Any CPU
		{3951C0EC-BD98-450E-B228-CDBE5BD4AD49}.Release|Any CPU.ActiveCfg = Release|Any CPU
		{3951C0EC-BD98-450E-B228-CDBE5BD4AD49}.Release|Any CPU.Build.0 = Release|Any CPU
		{3951C0EC-BD98-450E-B228-CDBE5BD4AD49}.Release|Mixed Platforms.ActiveCfg = Release|Any CPU
		{3951C0EC-BD98-450E-B228-CDBE5BD4AD49}.Release|Mixed Platforms.Build.0 = Release|Any CPU
		{3951C0EC-BD98-450E-B228-CDBE5BD4AD49}.Release|x86.ActiveCfg = Release|Any CPU
		{0E4A3F5B-0BB1-4F63-863D-7B0182B378CF}.Debug|Any CPU.ActiveCfg = Debug|Any CPU
		{0E4A3F5B-0BB1-4F63-863D-7B0182B378CF}.Debug|Any CPU.Build.0 = Debug|Any CPU
		{0E4A3F5B-0BB1-4F63-863D-7B0182B378CF}.Debug|Mixed Platforms.ActiveCfg = Debug|Any CPU
		{0E4A3F5B-0BB1-4F63-863D-7B0182B378CF}.Debug|Mixed Platforms.Build.0 = Debug|Any CPU
		{0E4A3F5B-0BB1-4F63-863D-7B0182B378CF}.Debug|x86.ActiveCfg = Debug|Any CPU
		{0E4A3F5B-0BB1-4F63-863D-7B0182B378CF}.Release|Any CPU.ActiveCfg = Release|Any CPU
		{0E4A3F5B-0BB1-4F63-863D-7B0182B378CF}.Release|Any CPU.Build.0 = Release|Any CPU
		{0E4A3F5B-0BB1-4F63-863D-7B0182B378CF}.Release|Mixed Platforms.ActiveCfg = Release|Any CPU
		{0E4A3F5B-0BB1-4F63-863D-7B0182B378CF}.Release|Mixed Platforms.Build.0 = Release|Any CPU
		{0E4A3F5B-0BB1-4F63-863D-7B0182B378CF}.Release|x86.ActiveCfg = Release|Any CPU
		{C09CE910-F16B-48A1-B2CC-C99B8C1CF775}.Debug|Any CPU.ActiveCfg = Debug|Any CPU
		{C09CE910-F16B-48A1-B2CC-C99B8C1CF775}.Debug|Any CPU.Build.0 = Debug|Any CPU
		{C09CE910-F16B-48A1-B2CC-C99B8C1CF775}.Debug|Mixed Platforms.ActiveCfg = Debug|Any CPU
		{C09CE910-F16B-48A1-B2CC-C99B8C1CF775}.Debug|Mixed Platforms.Build.0 = Debug|Any CPU
		{C09CE910-F16B-48A1-B2CC-C99B8C1CF775}.Debug|x86.ActiveCfg = Debug|Any CPU
		{C09CE910-F16B-48A1-B2CC-C99B8C1CF775}.Debug|x86.Build.0 = Debug|Any CPU
		{C09CE910-F16B-48A1-B2CC-C99B8C1CF775}.Release|Any CPU.ActiveCfg = Release|Any CPU
		{C09CE910-F16B-48A1-B2CC-C99B8C1CF775}.Release|Any CPU.Build.0 = Release|Any CPU
		{C09CE910-F16B-48A1-B2CC-C99B8C1CF775}.Release|Mixed Platforms.ActiveCfg = Release|Any CPU
		{C09CE910-F16B-48A1-B2CC-C99B8C1CF775}.Release|Mixed Platforms.Build.0 = Release|Any CPU
		{C09CE910-F16B-48A1-B2CC-C99B8C1CF775}.Release|x86.ActiveCfg = Release|Any CPU
		{C09CE910-F16B-48A1-B2CC-C99B8C1CF775}.Release|x86.Build.0 = Release|Any CPU
		{684C932A-6C75-46AC-A327-F3689D89EB42}.Debug|Any CPU.ActiveCfg = Debug|Any CPU
		{684C932A-6C75-46AC-A327-F3689D89EB42}.Debug|Any CPU.Build.0 = Debug|Any CPU
		{684C932A-6C75-46AC-A327-F3689D89EB42}.Debug|Mixed Platforms.ActiveCfg = Debug|Any CPU
		{684C932A-6C75-46AC-A327-F3689D89EB42}.Debug|Mixed Platforms.Build.0 = Debug|Any CPU
		{684C932A-6C75-46AC-A327-F3689D89EB42}.Debug|x86.ActiveCfg = Debug|Any CPU
		{684C932A-6C75-46AC-A327-F3689D89EB42}.Debug|x86.Build.0 = Debug|Any CPU
		{684C932A-6C75-46AC-A327-F3689D89EB42}.Release|Any CPU.ActiveCfg = Release|Any CPU
		{684C932A-6C75-46AC-A327-F3689D89EB42}.Release|Any CPU.Build.0 = Release|Any CPU
		{684C932A-6C75-46AC-A327-F3689D89EB42}.Release|Mixed Platforms.ActiveCfg = Release|Any CPU
		{684C932A-6C75-46AC-A327-F3689D89EB42}.Release|Mixed Platforms.Build.0 = Release|Any CPU
		{684C932A-6C75-46AC-A327-F3689D89EB42}.Release|x86.ActiveCfg = Release|Any CPU
		{684C932A-6C75-46AC-A327-F3689D89EB42}.Release|x86.Build.0 = Release|Any CPU
		{FD954985-A168-463A-9C29-4E97AEA7ED0F}.Debug|Any CPU.ActiveCfg = Debug|Any CPU
		{FD954985-A168-463A-9C29-4E97AEA7ED0F}.Debug|Any CPU.Build.0 = Debug|Any CPU
		{FD954985-A168-463A-9C29-4E97AEA7ED0F}.Debug|Mixed Platforms.ActiveCfg = Debug|Any CPU
		{FD954985-A168-463A-9C29-4E97AEA7ED0F}.Debug|Mixed Platforms.Build.0 = Debug|Any CPU
		{FD954985-A168-463A-9C29-4E97AEA7ED0F}.Debug|x86.ActiveCfg = Debug|Any CPU
		{FD954985-A168-463A-9C29-4E97AEA7ED0F}.Debug|x86.Build.0 = Debug|Any CPU
		{FD954985-A168-463A-9C29-4E97AEA7ED0F}.Release|Any CPU.ActiveCfg = Release|Any CPU
		{FD954985-A168-463A-9C29-4E97AEA7ED0F}.Release|Any CPU.Build.0 = Release|Any CPU
		{FD954985-A168-463A-9C29-4E97AEA7ED0F}.Release|Mixed Platforms.ActiveCfg = Release|Any CPU
		{FD954985-A168-463A-9C29-4E97AEA7ED0F}.Release|Mixed Platforms.Build.0 = Release|Any CPU
		{FD954985-A168-463A-9C29-4E97AEA7ED0F}.Release|x86.ActiveCfg = Release|Any CPU
		{FD954985-A168-463A-9C29-4E97AEA7ED0F}.Release|x86.Build.0 = Release|Any CPU
		{16E7E997-1E0F-4F24-8F0A-961FAFA93F72}.Debug|Any CPU.ActiveCfg = Debug|Any CPU
		{16E7E997-1E0F-4F24-8F0A-961FAFA93F72}.Debug|Any CPU.Build.0 = Debug|Any CPU
		{16E7E997-1E0F-4F24-8F0A-961FAFA93F72}.Debug|Mixed Platforms.ActiveCfg = Debug|Any CPU
		{16E7E997-1E0F-4F24-8F0A-961FAFA93F72}.Debug|Mixed Platforms.Build.0 = Debug|Any CPU
		{16E7E997-1E0F-4F24-8F0A-961FAFA93F72}.Debug|x86.ActiveCfg = Debug|Any CPU
		{16E7E997-1E0F-4F24-8F0A-961FAFA93F72}.Debug|x86.Build.0 = Debug|Any CPU
		{16E7E997-1E0F-4F24-8F0A-961FAFA93F72}.Release|Any CPU.ActiveCfg = Release|Any CPU
		{16E7E997-1E0F-4F24-8F0A-961FAFA93F72}.Release|Any CPU.Build.0 = Release|Any CPU
		{16E7E997-1E0F-4F24-8F0A-961FAFA93F72}.Release|Mixed Platforms.ActiveCfg = Release|Any CPU
		{16E7E997-1E0F-4F24-8F0A-961FAFA93F72}.Release|Mixed Platforms.Build.0 = Release|Any CPU
		{16E7E997-1E0F-4F24-8F0A-961FAFA93F72}.Release|x86.ActiveCfg = Release|Any CPU
		{16E7E997-1E0F-4F24-8F0A-961FAFA93F72}.Release|x86.Build.0 = Release|Any CPU
		{B6D067C1-E5AF-4E37-8D58-92CA53445400}.Debug|Any CPU.ActiveCfg = Debug|Any CPU
		{B6D067C1-E5AF-4E37-8D58-92CA53445400}.Debug|Any CPU.Build.0 = Debug|Any CPU
		{B6D067C1-E5AF-4E37-8D58-92CA53445400}.Debug|Mixed Platforms.ActiveCfg = Debug|Any CPU
		{B6D067C1-E5AF-4E37-8D58-92CA53445400}.Debug|Mixed Platforms.Build.0 = Debug|Any CPU
		{B6D067C1-E5AF-4E37-8D58-92CA53445400}.Debug|x86.ActiveCfg = Debug|Any CPU
		{B6D067C1-E5AF-4E37-8D58-92CA53445400}.Debug|x86.Build.0 = Debug|Any CPU
		{B6D067C1-E5AF-4E37-8D58-92CA53445400}.Release|Any CPU.ActiveCfg = Release|Any CPU
		{B6D067C1-E5AF-4E37-8D58-92CA53445400}.Release|Any CPU.Build.0 = Release|Any CPU
		{B6D067C1-E5AF-4E37-8D58-92CA53445400}.Release|Mixed Platforms.ActiveCfg = Release|Any CPU
		{B6D067C1-E5AF-4E37-8D58-92CA53445400}.Release|Mixed Platforms.Build.0 = Release|Any CPU
		{B6D067C1-E5AF-4E37-8D58-92CA53445400}.Release|x86.ActiveCfg = Release|Any CPU
		{B6D067C1-E5AF-4E37-8D58-92CA53445400}.Release|x86.Build.0 = Release|Any CPU
		{1273D02F-6C5C-4752-86CE-99D504F6CFFA}.Debug|Any CPU.ActiveCfg = Debug|Any CPU
		{1273D02F-6C5C-4752-86CE-99D504F6CFFA}.Debug|Any CPU.Build.0 = Debug|Any CPU
		{1273D02F-6C5C-4752-86CE-99D504F6CFFA}.Debug|Mixed Platforms.ActiveCfg = Debug|Any CPU
		{1273D02F-6C5C-4752-86CE-99D504F6CFFA}.Debug|Mixed Platforms.Build.0 = Debug|Any CPU
		{1273D02F-6C5C-4752-86CE-99D504F6CFFA}.Debug|x86.ActiveCfg = Debug|Any CPU
		{1273D02F-6C5C-4752-86CE-99D504F6CFFA}.Debug|x86.Build.0 = Debug|Any CPU
		{1273D02F-6C5C-4752-86CE-99D504F6CFFA}.Release|Any CPU.ActiveCfg = Release|Any CPU
		{1273D02F-6C5C-4752-86CE-99D504F6CFFA}.Release|Any CPU.Build.0 = Release|Any CPU
		{1273D02F-6C5C-4752-86CE-99D504F6CFFA}.Release|Mixed Platforms.ActiveCfg = Release|Any CPU
		{1273D02F-6C5C-4752-86CE-99D504F6CFFA}.Release|Mixed Platforms.Build.0 = Release|Any CPU
		{1273D02F-6C5C-4752-86CE-99D504F6CFFA}.Release|x86.ActiveCfg = Release|Any CPU
		{1273D02F-6C5C-4752-86CE-99D504F6CFFA}.Release|x86.Build.0 = Release|Any CPU
		{899B3048-46BE-4C4D-9D41-0043C8B0D11E}.Debug|Any CPU.ActiveCfg = Debug|Any CPU
		{899B3048-46BE-4C4D-9D41-0043C8B0D11E}.Debug|Any CPU.Build.0 = Debug|Any CPU
		{899B3048-46BE-4C4D-9D41-0043C8B0D11E}.Debug|Mixed Platforms.ActiveCfg = Debug|Any CPU
		{899B3048-46BE-4C4D-9D41-0043C8B0D11E}.Debug|Mixed Platforms.Build.0 = Debug|Any CPU
		{899B3048-46BE-4C4D-9D41-0043C8B0D11E}.Debug|x86.ActiveCfg = Debug|Any CPU
		{899B3048-46BE-4C4D-9D41-0043C8B0D11E}.Debug|x86.Build.0 = Debug|Any CPU
		{899B3048-46BE-4C4D-9D41-0043C8B0D11E}.Release|Any CPU.ActiveCfg = Release|Any CPU
		{899B3048-46BE-4C4D-9D41-0043C8B0D11E}.Release|Any CPU.Build.0 = Release|Any CPU
		{899B3048-46BE-4C4D-9D41-0043C8B0D11E}.Release|Mixed Platforms.ActiveCfg = Release|Any CPU
		{899B3048-46BE-4C4D-9D41-0043C8B0D11E}.Release|Mixed Platforms.Build.0 = Release|Any CPU
		{899B3048-46BE-4C4D-9D41-0043C8B0D11E}.Release|x86.ActiveCfg = Release|Any CPU
		{899B3048-46BE-4C4D-9D41-0043C8B0D11E}.Release|x86.Build.0 = Release|Any CPU
		{BED2F43F-2DD8-45CF-AD7C-86799897C575}.Debug|Any CPU.ActiveCfg = Debug|Any CPU
		{BED2F43F-2DD8-45CF-AD7C-86799897C575}.Debug|Any CPU.Build.0 = Debug|Any CPU
		{BED2F43F-2DD8-45CF-AD7C-86799897C575}.Debug|Mixed Platforms.ActiveCfg = Debug|Any CPU
		{BED2F43F-2DD8-45CF-AD7C-86799897C575}.Debug|Mixed Platforms.Build.0 = Debug|Any CPU
		{BED2F43F-2DD8-45CF-AD7C-86799897C575}.Debug|x86.ActiveCfg = Debug|Any CPU
		{BED2F43F-2DD8-45CF-AD7C-86799897C575}.Debug|x86.Build.0 = Debug|Any CPU
		{BED2F43F-2DD8-45CF-AD7C-86799897C575}.Release|Any CPU.ActiveCfg = Release|Any CPU
		{BED2F43F-2DD8-45CF-AD7C-86799897C575}.Release|Any CPU.Build.0 = Release|Any CPU
		{BED2F43F-2DD8-45CF-AD7C-86799897C575}.Release|Mixed Platforms.ActiveCfg = Release|Any CPU
		{BED2F43F-2DD8-45CF-AD7C-86799897C575}.Release|Mixed Platforms.Build.0 = Release|Any CPU
		{BED2F43F-2DD8-45CF-AD7C-86799897C575}.Release|x86.ActiveCfg = Release|Any CPU
		{BED2F43F-2DD8-45CF-AD7C-86799897C575}.Release|x86.Build.0 = Release|Any CPU
		{27130BBB-76FA-411E-8B4D-51CD4DC821AF}.Debug|Any CPU.ActiveCfg = Debug|Any CPU
		{27130BBB-76FA-411E-8B4D-51CD4DC821AF}.Debug|Any CPU.Build.0 = Debug|Any CPU
		{27130BBB-76FA-411E-8B4D-51CD4DC821AF}.Debug|Mixed Platforms.ActiveCfg = Debug|Any CPU
		{27130BBB-76FA-411E-8B4D-51CD4DC821AF}.Debug|Mixed Platforms.Build.0 = Debug|Any CPU
		{27130BBB-76FA-411E-8B4D-51CD4DC821AF}.Debug|x86.ActiveCfg = Debug|Any CPU
		{27130BBB-76FA-411E-8B4D-51CD4DC821AF}.Debug|x86.Build.0 = Debug|Any CPU
		{27130BBB-76FA-411E-8B4D-51CD4DC821AF}.Release|Any CPU.ActiveCfg = Release|Any CPU
		{27130BBB-76FA-411E-8B4D-51CD4DC821AF}.Release|Any CPU.Build.0 = Release|Any CPU
		{27130BBB-76FA-411E-8B4D-51CD4DC821AF}.Release|Mixed Platforms.ActiveCfg = Release|Any CPU
		{27130BBB-76FA-411E-8B4D-51CD4DC821AF}.Release|Mixed Platforms.Build.0 = Release|Any CPU
		{27130BBB-76FA-411E-8B4D-51CD4DC821AF}.Release|x86.ActiveCfg = Release|Any CPU
		{27130BBB-76FA-411E-8B4D-51CD4DC821AF}.Release|x86.Build.0 = Release|Any CPU
		{4396082E-EC55-4741-A183-D0E374ADC2FD}.Debug|Any CPU.ActiveCfg = Debug|Any CPU
		{4396082E-EC55-4741-A183-D0E374ADC2FD}.Debug|Any CPU.Build.0 = Debug|Any CPU
		{4396082E-EC55-4741-A183-D0E374ADC2FD}.Debug|Mixed Platforms.ActiveCfg = Debug|Any CPU
		{4396082E-EC55-4741-A183-D0E374ADC2FD}.Debug|Mixed Platforms.Build.0 = Debug|Any CPU
		{4396082E-EC55-4741-A183-D0E374ADC2FD}.Debug|x86.ActiveCfg = Debug|Any CPU
		{4396082E-EC55-4741-A183-D0E374ADC2FD}.Debug|x86.Build.0 = Debug|Any CPU
		{4396082E-EC55-4741-A183-D0E374ADC2FD}.Release|Any CPU.ActiveCfg = Release|Any CPU
		{4396082E-EC55-4741-A183-D0E374ADC2FD}.Release|Any CPU.Build.0 = Release|Any CPU
		{4396082E-EC55-4741-A183-D0E374ADC2FD}.Release|Mixed Platforms.ActiveCfg = Release|Any CPU
		{4396082E-EC55-4741-A183-D0E374ADC2FD}.Release|Mixed Platforms.Build.0 = Release|Any CPU
		{4396082E-EC55-4741-A183-D0E374ADC2FD}.Release|x86.ActiveCfg = Release|Any CPU
		{4396082E-EC55-4741-A183-D0E374ADC2FD}.Release|x86.Build.0 = Release|Any CPU
		{C4B1EA53-1417-473F-BB8E-E71BE84DB3A5}.Debug|Any CPU.ActiveCfg = Debug|Any CPU
		{C4B1EA53-1417-473F-BB8E-E71BE84DB3A5}.Debug|Any CPU.Build.0 = Debug|Any CPU
		{C4B1EA53-1417-473F-BB8E-E71BE84DB3A5}.Debug|Mixed Platforms.ActiveCfg = Debug|Any CPU
		{C4B1EA53-1417-473F-BB8E-E71BE84DB3A5}.Debug|Mixed Platforms.Build.0 = Debug|Any CPU
		{C4B1EA53-1417-473F-BB8E-E71BE84DB3A5}.Debug|x86.ActiveCfg = Debug|Any CPU
		{C4B1EA53-1417-473F-BB8E-E71BE84DB3A5}.Debug|x86.Build.0 = Debug|Any CPU
		{C4B1EA53-1417-473F-BB8E-E71BE84DB3A5}.Release|Any CPU.ActiveCfg = Release|Any CPU
		{C4B1EA53-1417-473F-BB8E-E71BE84DB3A5}.Release|Any CPU.Build.0 = Release|Any CPU
		{C4B1EA53-1417-473F-BB8E-E71BE84DB3A5}.Release|Mixed Platforms.ActiveCfg = Release|Any CPU
		{C4B1EA53-1417-473F-BB8E-E71BE84DB3A5}.Release|Mixed Platforms.Build.0 = Release|Any CPU
		{C4B1EA53-1417-473F-BB8E-E71BE84DB3A5}.Release|x86.ActiveCfg = Release|Any CPU
		{C4B1EA53-1417-473F-BB8E-E71BE84DB3A5}.Release|x86.Build.0 = Release|Any CPU
		{05B23C2B-15CE-48EF-995C-C5E517A04011}.Debug|Any CPU.ActiveCfg = Debug|Any CPU
		{05B23C2B-15CE-48EF-995C-C5E517A04011}.Debug|Any CPU.Build.0 = Debug|Any CPU
		{05B23C2B-15CE-48EF-995C-C5E517A04011}.Debug|Mixed Platforms.ActiveCfg = Debug|Any CPU
		{05B23C2B-15CE-48EF-995C-C5E517A04011}.Debug|Mixed Platforms.Build.0 = Debug|Any CPU
		{05B23C2B-15CE-48EF-995C-C5E517A04011}.Debug|x86.ActiveCfg = Debug|Any CPU
		{05B23C2B-15CE-48EF-995C-C5E517A04011}.Debug|x86.Build.0 = Debug|Any CPU
		{05B23C2B-15CE-48EF-995C-C5E517A04011}.Release|Any CPU.ActiveCfg = Release|Any CPU
		{05B23C2B-15CE-48EF-995C-C5E517A04011}.Release|Any CPU.Build.0 = Release|Any CPU
		{05B23C2B-15CE-48EF-995C-C5E517A04011}.Release|Mixed Platforms.ActiveCfg = Release|Any CPU
		{05B23C2B-15CE-48EF-995C-C5E517A04011}.Release|Mixed Platforms.Build.0 = Release|Any CPU
		{05B23C2B-15CE-48EF-995C-C5E517A04011}.Release|x86.ActiveCfg = Release|Any CPU
		{05B23C2B-15CE-48EF-995C-C5E517A04011}.Release|x86.Build.0 = Release|Any CPU
		{9BE0317D-E42E-4FF6-9A87-8C801F046EA1}.Debug|Any CPU.ActiveCfg = Debug|Any CPU
		{9BE0317D-E42E-4FF6-9A87-8C801F046EA1}.Debug|Any CPU.Build.0 = Debug|Any CPU
		{9BE0317D-E42E-4FF6-9A87-8C801F046EA1}.Debug|Mixed Platforms.ActiveCfg = Debug|Any CPU
		{9BE0317D-E42E-4FF6-9A87-8C801F046EA1}.Debug|Mixed Platforms.Build.0 = Debug|Any CPU
		{9BE0317D-E42E-4FF6-9A87-8C801F046EA1}.Debug|x86.ActiveCfg = Debug|Any CPU
		{9BE0317D-E42E-4FF6-9A87-8C801F046EA1}.Debug|x86.Build.0 = Debug|Any CPU
		{9BE0317D-E42E-4FF6-9A87-8C801F046EA1}.Release|Any CPU.ActiveCfg = Release|Any CPU
		{9BE0317D-E42E-4FF6-9A87-8C801F046EA1}.Release|Any CPU.Build.0 = Release|Any CPU
		{9BE0317D-E42E-4FF6-9A87-8C801F046EA1}.Release|Mixed Platforms.ActiveCfg = Release|Any CPU
		{9BE0317D-E42E-4FF6-9A87-8C801F046EA1}.Release|Mixed Platforms.Build.0 = Release|Any CPU
		{9BE0317D-E42E-4FF6-9A87-8C801F046EA1}.Release|x86.ActiveCfg = Release|Any CPU
		{9BE0317D-E42E-4FF6-9A87-8C801F046EA1}.Release|x86.Build.0 = Release|Any CPU
		{1B9DCE85-C664-49FC-B6E1-86C63CAB88D1}.Debug|Any CPU.ActiveCfg = Debug|Any CPU
		{1B9DCE85-C664-49FC-B6E1-86C63CAB88D1}.Debug|Any CPU.Build.0 = Debug|Any CPU
		{1B9DCE85-C664-49FC-B6E1-86C63CAB88D1}.Debug|Mixed Platforms.ActiveCfg = Debug|Any CPU
		{1B9DCE85-C664-49FC-B6E1-86C63CAB88D1}.Debug|Mixed Platforms.Build.0 = Debug|Any CPU
		{1B9DCE85-C664-49FC-B6E1-86C63CAB88D1}.Debug|x86.ActiveCfg = Debug|Any CPU
		{1B9DCE85-C664-49FC-B6E1-86C63CAB88D1}.Debug|x86.Build.0 = Debug|Any CPU
		{1B9DCE85-C664-49FC-B6E1-86C63CAB88D1}.Release|Any CPU.ActiveCfg = Release|Any CPU
		{1B9DCE85-C664-49FC-B6E1-86C63CAB88D1}.Release|Any CPU.Build.0 = Release|Any CPU
		{1B9DCE85-C664-49FC-B6E1-86C63CAB88D1}.Release|Mixed Platforms.ActiveCfg = Release|Any CPU
		{1B9DCE85-C664-49FC-B6E1-86C63CAB88D1}.Release|Mixed Platforms.Build.0 = Release|Any CPU
		{1B9DCE85-C664-49FC-B6E1-86C63CAB88D1}.Release|x86.ActiveCfg = Release|Any CPU
		{1B9DCE85-C664-49FC-B6E1-86C63CAB88D1}.Release|x86.Build.0 = Release|Any CPU
		{6E348968-461D-45A1-B235-4F552947B9F1}.Debug|Any CPU.ActiveCfg = Debug|Any CPU
		{6E348968-461D-45A1-B235-4F552947B9F1}.Debug|Any CPU.Build.0 = Debug|Any CPU
		{6E348968-461D-45A1-B235-4F552947B9F1}.Debug|Mixed Platforms.ActiveCfg = Debug|Any CPU
		{6E348968-461D-45A1-B235-4F552947B9F1}.Debug|Mixed Platforms.Build.0 = Debug|Any CPU
		{6E348968-461D-45A1-B235-4F552947B9F1}.Debug|x86.ActiveCfg = Debug|Any CPU
		{6E348968-461D-45A1-B235-4F552947B9F1}.Debug|x86.Build.0 = Debug|Any CPU
		{6E348968-461D-45A1-B235-4F552947B9F1}.Release|Any CPU.ActiveCfg = Release|Any CPU
		{6E348968-461D-45A1-B235-4F552947B9F1}.Release|Any CPU.Build.0 = Release|Any CPU
		{6E348968-461D-45A1-B235-4F552947B9F1}.Release|Mixed Platforms.ActiveCfg = Release|Any CPU
		{6E348968-461D-45A1-B235-4F552947B9F1}.Release|Mixed Platforms.Build.0 = Release|Any CPU
		{6E348968-461D-45A1-B235-4F552947B9F1}.Release|x86.ActiveCfg = Release|Any CPU
		{6E348968-461D-45A1-B235-4F552947B9F1}.Release|x86.Build.0 = Release|Any CPU
		{9B99F215-5029-4779-BC2F-6D83CBB42205}.Debug|Any CPU.ActiveCfg = Debug|Any CPU
		{9B99F215-5029-4779-BC2F-6D83CBB42205}.Debug|Any CPU.Build.0 = Debug|Any CPU
		{9B99F215-5029-4779-BC2F-6D83CBB42205}.Debug|Mixed Platforms.ActiveCfg = Debug|Any CPU
		{9B99F215-5029-4779-BC2F-6D83CBB42205}.Debug|Mixed Platforms.Build.0 = Debug|Any CPU
		{9B99F215-5029-4779-BC2F-6D83CBB42205}.Debug|x86.ActiveCfg = Debug|Any CPU
		{9B99F215-5029-4779-BC2F-6D83CBB42205}.Debug|x86.Build.0 = Debug|Any CPU
		{9B99F215-5029-4779-BC2F-6D83CBB42205}.Release|Any CPU.ActiveCfg = Release|Any CPU
		{9B99F215-5029-4779-BC2F-6D83CBB42205}.Release|Any CPU.Build.0 = Release|Any CPU
		{9B99F215-5029-4779-BC2F-6D83CBB42205}.Release|Mixed Platforms.ActiveCfg = Release|Any CPU
		{9B99F215-5029-4779-BC2F-6D83CBB42205}.Release|Mixed Platforms.Build.0 = Release|Any CPU
		{9B99F215-5029-4779-BC2F-6D83CBB42205}.Release|x86.ActiveCfg = Release|Any CPU
		{9B99F215-5029-4779-BC2F-6D83CBB42205}.Release|x86.Build.0 = Release|Any CPU
		{4E59EF03-997A-4B41-8CA7-01A5DB5613FF}.Debug|Any CPU.ActiveCfg = Debug|Any CPU
		{4E59EF03-997A-4B41-8CA7-01A5DB5613FF}.Debug|Any CPU.Build.0 = Debug|Any CPU
		{4E59EF03-997A-4B41-8CA7-01A5DB5613FF}.Debug|Mixed Platforms.ActiveCfg = Debug|Any CPU
		{4E59EF03-997A-4B41-8CA7-01A5DB5613FF}.Debug|Mixed Platforms.Build.0 = Debug|Any CPU
		{4E59EF03-997A-4B41-8CA7-01A5DB5613FF}.Debug|x86.ActiveCfg = Debug|Any CPU
		{4E59EF03-997A-4B41-8CA7-01A5DB5613FF}.Debug|x86.Build.0 = Debug|Any CPU
		{4E59EF03-997A-4B41-8CA7-01A5DB5613FF}.Release|Any CPU.ActiveCfg = Release|Any CPU
		{4E59EF03-997A-4B41-8CA7-01A5DB5613FF}.Release|Any CPU.Build.0 = Release|Any CPU
		{4E59EF03-997A-4B41-8CA7-01A5DB5613FF}.Release|Mixed Platforms.ActiveCfg = Release|Any CPU
		{4E59EF03-997A-4B41-8CA7-01A5DB5613FF}.Release|Mixed Platforms.Build.0 = Release|Any CPU
		{4E59EF03-997A-4B41-8CA7-01A5DB5613FF}.Release|x86.ActiveCfg = Release|Any CPU
		{4E59EF03-997A-4B41-8CA7-01A5DB5613FF}.Release|x86.Build.0 = Release|Any CPU
		{E91E52F3-9555-4D00-B577-2B1DBDD87CA7}.Debug|Any CPU.ActiveCfg = Debug|Any CPU
		{E91E52F3-9555-4D00-B577-2B1DBDD87CA7}.Debug|Any CPU.Build.0 = Debug|Any CPU
		{E91E52F3-9555-4D00-B577-2B1DBDD87CA7}.Debug|Mixed Platforms.ActiveCfg = Debug|Any CPU
		{E91E52F3-9555-4D00-B577-2B1DBDD87CA7}.Debug|Mixed Platforms.Build.0 = Debug|Any CPU
		{E91E52F3-9555-4D00-B577-2B1DBDD87CA7}.Debug|x86.ActiveCfg = Debug|Any CPU
		{E91E52F3-9555-4D00-B577-2B1DBDD87CA7}.Debug|x86.Build.0 = Debug|Any CPU
		{E91E52F3-9555-4D00-B577-2B1DBDD87CA7}.Release|Any CPU.ActiveCfg = Release|Any CPU
		{E91E52F3-9555-4D00-B577-2B1DBDD87CA7}.Release|Any CPU.Build.0 = Release|Any CPU
		{E91E52F3-9555-4D00-B577-2B1DBDD87CA7}.Release|Mixed Platforms.ActiveCfg = Release|Any CPU
		{E91E52F3-9555-4D00-B577-2B1DBDD87CA7}.Release|Mixed Platforms.Build.0 = Release|Any CPU
		{E91E52F3-9555-4D00-B577-2B1DBDD87CA7}.Release|x86.ActiveCfg = Release|Any CPU
		{E91E52F3-9555-4D00-B577-2B1DBDD87CA7}.Release|x86.Build.0 = Release|Any CPU
		{830725BD-AEEB-4BF6-A3E7-AD430FB2B09C}.Debug|Any CPU.ActiveCfg = Debug|Any CPU
		{830725BD-AEEB-4BF6-A3E7-AD430FB2B09C}.Debug|Any CPU.Build.0 = Debug|Any CPU
		{830725BD-AEEB-4BF6-A3E7-AD430FB2B09C}.Debug|Mixed Platforms.ActiveCfg = Debug|Any CPU
		{830725BD-AEEB-4BF6-A3E7-AD430FB2B09C}.Debug|Mixed Platforms.Build.0 = Debug|Any CPU
		{830725BD-AEEB-4BF6-A3E7-AD430FB2B09C}.Debug|x86.ActiveCfg = Debug|Any CPU
		{830725BD-AEEB-4BF6-A3E7-AD430FB2B09C}.Debug|x86.Build.0 = Debug|Any CPU
		{830725BD-AEEB-4BF6-A3E7-AD430FB2B09C}.Release|Any CPU.ActiveCfg = Release|Any CPU
		{830725BD-AEEB-4BF6-A3E7-AD430FB2B09C}.Release|Any CPU.Build.0 = Release|Any CPU
		{830725BD-AEEB-4BF6-A3E7-AD430FB2B09C}.Release|Mixed Platforms.ActiveCfg = Release|Any CPU
		{830725BD-AEEB-4BF6-A3E7-AD430FB2B09C}.Release|Mixed Platforms.Build.0 = Release|Any CPU
		{830725BD-AEEB-4BF6-A3E7-AD430FB2B09C}.Release|x86.ActiveCfg = Release|Any CPU
		{830725BD-AEEB-4BF6-A3E7-AD430FB2B09C}.Release|x86.Build.0 = Release|Any CPU
		{6D72B8A9-D10F-4D3D-96FD-E69FBA3CC063}.Debug|Any CPU.ActiveCfg = Debug|Any CPU
		{6D72B8A9-D10F-4D3D-96FD-E69FBA3CC063}.Debug|Any CPU.Build.0 = Debug|Any CPU
		{6D72B8A9-D10F-4D3D-96FD-E69FBA3CC063}.Debug|Mixed Platforms.ActiveCfg = Debug|Any CPU
		{6D72B8A9-D10F-4D3D-96FD-E69FBA3CC063}.Debug|Mixed Platforms.Build.0 = Debug|Any CPU
		{6D72B8A9-D10F-4D3D-96FD-E69FBA3CC063}.Debug|x86.ActiveCfg = Debug|Any CPU
		{6D72B8A9-D10F-4D3D-96FD-E69FBA3CC063}.Debug|x86.Build.0 = Debug|Any CPU
		{6D72B8A9-D10F-4D3D-96FD-E69FBA3CC063}.Release|Any CPU.ActiveCfg = Release|Any CPU
		{6D72B8A9-D10F-4D3D-96FD-E69FBA3CC063}.Release|Any CPU.Build.0 = Release|Any CPU
		{6D72B8A9-D10F-4D3D-96FD-E69FBA3CC063}.Release|Mixed Platforms.ActiveCfg = Release|Any CPU
		{6D72B8A9-D10F-4D3D-96FD-E69FBA3CC063}.Release|Mixed Platforms.Build.0 = Release|Any CPU
		{6D72B8A9-D10F-4D3D-96FD-E69FBA3CC063}.Release|x86.ActiveCfg = Release|Any CPU
		{6D72B8A9-D10F-4D3D-96FD-E69FBA3CC063}.Release|x86.Build.0 = Release|Any CPU
		{22B66568-AA66-4859-90BF-8799CB5D2C21}.Debug|Any CPU.ActiveCfg = Debug|Any CPU
		{22B66568-AA66-4859-90BF-8799CB5D2C21}.Debug|Any CPU.Build.0 = Debug|Any CPU
		{22B66568-AA66-4859-90BF-8799CB5D2C21}.Debug|Mixed Platforms.ActiveCfg = Debug|Any CPU
		{22B66568-AA66-4859-90BF-8799CB5D2C21}.Debug|Mixed Platforms.Build.0 = Debug|Any CPU
		{22B66568-AA66-4859-90BF-8799CB5D2C21}.Debug|x86.ActiveCfg = Debug|Any CPU
		{22B66568-AA66-4859-90BF-8799CB5D2C21}.Debug|x86.Build.0 = Debug|Any CPU
		{22B66568-AA66-4859-90BF-8799CB5D2C21}.Release|Any CPU.ActiveCfg = Release|Any CPU
		{22B66568-AA66-4859-90BF-8799CB5D2C21}.Release|Any CPU.Build.0 = Release|Any CPU
		{22B66568-AA66-4859-90BF-8799CB5D2C21}.Release|Mixed Platforms.ActiveCfg = Release|Any CPU
		{22B66568-AA66-4859-90BF-8799CB5D2C21}.Release|Mixed Platforms.Build.0 = Release|Any CPU
		{22B66568-AA66-4859-90BF-8799CB5D2C21}.Release|x86.ActiveCfg = Release|Any CPU
		{22B66568-AA66-4859-90BF-8799CB5D2C21}.Release|x86.Build.0 = Release|Any CPU
		{351C8F3C-7E44-4D92-A398-186CF62B88DA}.Debug|Any CPU.ActiveCfg = Debug|Any CPU
		{351C8F3C-7E44-4D92-A398-186CF62B88DA}.Debug|Any CPU.Build.0 = Debug|Any CPU
		{351C8F3C-7E44-4D92-A398-186CF62B88DA}.Debug|Mixed Platforms.ActiveCfg = Debug|Any CPU
		{351C8F3C-7E44-4D92-A398-186CF62B88DA}.Debug|Mixed Platforms.Build.0 = Debug|Any CPU
		{351C8F3C-7E44-4D92-A398-186CF62B88DA}.Debug|x86.ActiveCfg = Debug|Any CPU
		{351C8F3C-7E44-4D92-A398-186CF62B88DA}.Debug|x86.Build.0 = Debug|Any CPU
		{351C8F3C-7E44-4D92-A398-186CF62B88DA}.Release|Any CPU.ActiveCfg = Release|Any CPU
		{351C8F3C-7E44-4D92-A398-186CF62B88DA}.Release|Any CPU.Build.0 = Release|Any CPU
		{351C8F3C-7E44-4D92-A398-186CF62B88DA}.Release|Mixed Platforms.ActiveCfg = Release|Any CPU
		{351C8F3C-7E44-4D92-A398-186CF62B88DA}.Release|Mixed Platforms.Build.0 = Release|Any CPU
		{351C8F3C-7E44-4D92-A398-186CF62B88DA}.Release|x86.ActiveCfg = Release|Any CPU
		{351C8F3C-7E44-4D92-A398-186CF62B88DA}.Release|x86.Build.0 = Release|Any CPU
	EndGlobalSection
	GlobalSection(SolutionProperties) = preSolution
		HideSolutionNode = FALSE
	EndGlobalSection
	GlobalSection(ExtensibilityGlobals) = postSolution
		SolutionGuid = {88B7B10A-FDEA-48C4-B938-33D562B72F46}
	EndGlobalSection
EndGlobal
