
Microsoft Visual Studio Solution File, Format Version 12.00
# Visual Studio Version 17
VisualStudioVersion = 17.5.33424.131
MinimumVisualStudioVersion = 10.0.40219.1
Project("{9A19103F-16F7-4668-BE54-9A1E7A4F7556}") = "SolidCP.Server.Tests", "SolidCP.Server.Tests.csproj", "{DE32D2B9-B337-4B36-BF0C-50CA4434105D}"
EndProject
Project("{9A19103F-16F7-4668-BE54-9A1E7A4F7556}") = "SolidCP.Web.Services", "..\SolidCP.Web.Services\SolidCP.Web.Services.csproj", "{39E77C47-1D75-46E7-A3A2-6F7B7E24900F}"
EndProject
Project("{9A19103F-16F7-4668-BE54-9A1E7A4F7556}") = "SolidCP.Web.Clients", "..\SolidCP.Web.Clients\SolidCP.Web.Clients.csproj", "{EAD0803E-5E75-4B0E-9E1A-C1C06BBADAC6}"
EndProject
Project("{9A19103F-16F7-4668-BE54-9A1E7A4F7556}") = "SolidCP.Server.Client", "..\SolidCP.Server\WebServices\SolidCP.Server.Client.csproj", "{094EE57C-11B9-4B8E-A7BD-02A9466EEEF0}"
EndProject
Project("{9A19103F-16F7-4668-BE54-9A1E7A4F7556}") = "SolidCP.Server", "..\SolidCP.Server\SolidCP.Server.csproj", "{7ECC2C0D-3724-43ED-A92A-94BD88651D9C}"
EndProject
Project("{9A19103F-16F7-4668-BE54-9A1E7A4F7556}") = "CoreWCF.BuildTools.Roslyn3.11", "..\..\Lib\CoreWCF\src\CoreWCF.BuildTools\src\CoreWCF.BuildTools.Roslyn3.11.csproj", "{75519920-B849-4EFE-9EE4-6DBA3F61051B}"
EndProject
Project("{9A19103F-16F7-4668-BE54-9A1E7A4F7556}") = "CoreWCF.BuildTools.Roslyn4.0", "..\..\Lib\CoreWCF\src\CoreWCF.BuildTools\src\CoreWCF.BuildTools.Roslyn4.0.csproj", "{2618FFE2-7928-4B4B-9BBD-8CFAD38387CC}"
EndProject
Project("{9A19103F-16F7-4668-BE54-9A1E7A4F7556}") = "CoreWCF.Primitives", "..\..\Lib\CoreWCF\src\CoreWCF.Primitives\src\CoreWCF.Primitives.csproj", "{14AFED82-78C9-459A-A332-716C17D8D5FD}"
EndProject
Project("{9A19103F-16F7-4668-BE54-9A1E7A4F7556}") = "CoreWCF.Http", "..\..\Lib\CoreWCF\src\CoreWCF.Http\src\CoreWCF.Http.csproj", "{7A2D2184-4B70-482F-9145-CAE66CF4F822}"
EndProject
Project("{9A19103F-16F7-4668-BE54-9A1E7A4F7556}") = "CoreWCF.NetTcp", "..\..\Lib\CoreWCF\src\CoreWCF.NetTcp\src\CoreWCF.NetTcp.csproj", "{DF4881C7-2C23-49CA-B46D-692623D37EE0}"
EndProject
Global
	GlobalSection(SolutionConfigurationPlatforms) = preSolution
		Debug|Any CPU = Debug|Any CPU
		Release|Any CPU = Release|Any CPU
	EndGlobalSection
	GlobalSection(ProjectConfigurationPlatforms) = postSolution
		{DE32D2B9-B337-4B36-BF0C-50CA4434105D}.Debug|Any CPU.ActiveCfg = Debug|Any CPU
		{DE32D2B9-B337-4B36-BF0C-50CA4434105D}.Debug|Any CPU.Build.0 = Debug|Any CPU
		{DE32D2B9-B337-4B36-BF0C-50CA4434105D}.Release|Any CPU.ActiveCfg = Release|Any CPU
		{DE32D2B9-B337-4B36-BF0C-50CA4434105D}.Release|Any CPU.Build.0 = Release|Any CPU
		{39E77C47-1D75-46E7-A3A2-6F7B7E24900F}.Debug|Any CPU.ActiveCfg = Debug|Any CPU
		{39E77C47-1D75-46E7-A3A2-6F7B7E24900F}.Debug|Any CPU.Build.0 = Debug|Any CPU
		{39E77C47-1D75-46E7-A3A2-6F7B7E24900F}.Release|Any CPU.ActiveCfg = Release|Any CPU
		{39E77C47-1D75-46E7-A3A2-6F7B7E24900F}.Release|Any CPU.Build.0 = Release|Any CPU
		{EAD0803E-5E75-4B0E-9E1A-C1C06BBADAC6}.Debug|Any CPU.ActiveCfg = Debug|Any CPU
		{EAD0803E-5E75-4B0E-9E1A-C1C06BBADAC6}.Debug|Any CPU.Build.0 = Debug|Any CPU
		{EAD0803E-5E75-4B0E-9E1A-C1C06BBADAC6}.Release|Any CPU.ActiveCfg = Release|Any CPU
		{EAD0803E-5E75-4B0E-9E1A-C1C06BBADAC6}.Release|Any CPU.Build.0 = Release|Any CPU
		{094EE57C-11B9-4B8E-A7BD-02A9466EEEF0}.Debug|Any CPU.ActiveCfg = Debug|Any CPU
		{094EE57C-11B9-4B8E-A7BD-02A9466EEEF0}.Debug|Any CPU.Build.0 = Debug|Any CPU
		{094EE57C-11B9-4B8E-A7BD-02A9466EEEF0}.Release|Any CPU.ActiveCfg = Release|Any CPU
		{094EE57C-11B9-4B8E-A7BD-02A9466EEEF0}.Release|Any CPU.Build.0 = Release|Any CPU
		{7ECC2C0D-3724-43ED-A92A-94BD88651D9C}.Debug|Any CPU.ActiveCfg = Debug|Any CPU
		{7ECC2C0D-3724-43ED-A92A-94BD88651D9C}.Debug|Any CPU.Build.0 = Debug|Any CPU
		{7ECC2C0D-3724-43ED-A92A-94BD88651D9C}.Release|Any CPU.ActiveCfg = Release|Any CPU
		{7ECC2C0D-3724-43ED-A92A-94BD88651D9C}.Release|Any CPU.Build.0 = Release|Any CPU
		{75519920-B849-4EFE-9EE4-6DBA3F61051B}.Debug|Any CPU.ActiveCfg = Debug|Any CPU
		{75519920-B849-4EFE-9EE4-6DBA3F61051B}.Debug|Any CPU.Build.0 = Debug|Any CPU
		{75519920-B849-4EFE-9EE4-6DBA3F61051B}.Release|Any CPU.ActiveCfg = Release|Any CPU
		{75519920-B849-4EFE-9EE4-6DBA3F61051B}.Release|Any CPU.Build.0 = Release|Any CPU
		{2618FFE2-7928-4B4B-9BBD-8CFAD38387CC}.Debug|Any CPU.ActiveCfg = Debug|Any CPU
		{2618FFE2-7928-4B4B-9BBD-8CFAD38387CC}.Debug|Any CPU.Build.0 = Debug|Any CPU
		{2618FFE2-7928-4B4B-9BBD-8CFAD38387CC}.Release|Any CPU.ActiveCfg = Release|Any CPU
		{2618FFE2-7928-4B4B-9BBD-8CFAD38387CC}.Release|Any CPU.Build.0 = Release|Any CPU
		{14AFED82-78C9-459A-A332-716C17D8D5FD}.Debug|Any CPU.ActiveCfg = Debug|Any CPU
		{14AFED82-78C9-459A-A332-716C17D8D5FD}.Debug|Any CPU.Build.0 = Debug|Any CPU
		{14AFED82-78C9-459A-A332-716C17D8D5FD}.Release|Any CPU.ActiveCfg = Release|Any CPU
		{14AFED82-78C9-459A-A332-716C17D8D5FD}.Release|Any CPU.Build.0 = Release|Any CPU
		{7A2D2184-4B70-482F-9145-CAE66CF4F822}.Debug|Any CPU.ActiveCfg = Debug|Any CPU
		{7A2D2184-4B70-482F-9145-CAE66CF4F822}.Debug|Any CPU.Build.0 = Debug|Any CPU
		{7A2D2184-4B70-482F-9145-CAE66CF4F822}.Release|Any CPU.ActiveCfg = Release|Any CPU
		{7A2D2184-4B70-482F-9145-CAE66CF4F822}.Release|Any CPU.Build.0 = Release|Any CPU
		{DF4881C7-2C23-49CA-B46D-692623D37EE0}.Debug|Any CPU.ActiveCfg = Debug|Any CPU
		{DF4881C7-2C23-49CA-B46D-692623D37EE0}.Debug|Any CPU.Build.0 = Debug|Any CPU
		{DF4881C7-2C23-49CA-B46D-692623D37EE0}.Release|Any CPU.ActiveCfg = Release|Any CPU
		{DF4881C7-2C23-49CA-B46D-692623D37EE0}.Release|Any CPU.Build.0 = Release|Any CPU
	EndGlobalSection
	GlobalSection(SolutionProperties) = preSolution
		HideSolutionNode = FALSE
	EndGlobalSection
	GlobalSection(ExtensibilityGlobals) = postSolution
		SolutionGuid = {F1659993-5437-4D64-8EB5-FE4F366B8C47}
	EndGlobalSection
EndGlobal
