
Microsoft Visual Studio Solution File, Format Version 11.00
# Visual Studio 2010
Project("{FAE04EC0-301F-11D3-BF4B-00C04F79EFBC}") = "SolidCP.Providers.Mail.SmarterMail9", "SolidCP.Providers.Mail.SmarterMail9.csproj", "{FB97E984-2463-44EB-B8BE-14AA41D0365E}"
EndProject
Global
	GlobalSection(SolutionConfigurationPlatforms) = preSolution
		Debug|Any CPU = Debug|Any CPU
		Release|Any CPU = Release|Any CPU
	EndGlobalSection
	GlobalSection(ProjectConfigurationPlatforms) = postSolution
		{FB97E984-2463-44EB-B8BE-14AA41D0365E}.Debug|Any CPU.ActiveCfg = Debug|Any CPU
		{FB97E984-2463-44EB-B8BE-14AA41D0365E}.Debug|Any CPU.Build.0 = Debug|Any CPU
		{FB97E984-2463-44EB-B8BE-14AA41D0365E}.Release|Any CPU.ActiveCfg = Release|Any CPU
		{FB97E984-2463-44EB-B8BE-14AA41D0365E}.Release|Any CPU.Build.0 = Release|Any CPU
	EndGlobalSection
	GlobalSection(SolutionProperties) = preSolution
		HideSolutionNode = FALSE
	EndGlobalSection
EndGlobal
