
Microsoft Visual Studio Solution File, Format Version 12.00
# Visual Studio Version 17
VisualStudioVersion = 17.0.31912.275
MinimumVisualStudioVersion = 10.0.40219.1
Project("{FAE04EC0-301F-11D3-BF4B-00C04F79EFBC}") = "SolidCP.Import.CsvBulk", "SolidCP.Import.CsvBulk.csproj", "{CAD845DC-B209-4A07-94DA-B12FD14121F3}"
EndProject
Project("{9A19103F-16F7-4668-BE54-9A1E7A4F7556}") = "SolidCP.Providers.Base", "..\..\SolidCP.Providers.Base\SolidCP.Providers.Base.csproj", "{684C932A-6C75-46AC-A327-F3689D89EB42}"
EndProject
Project("{9A19103F-16F7-4668-BE54-9A1E7A4F7556}") = "SolidCP.EnterpriseServer.Base", "..\..\SolidCP.EnterpriseServer.Base\SolidCP.EnterpriseServer.Base.csproj", "{C09CE910-F16B-48A1-B2CC-C99B8C1CF775}"
EndProject
Project("{9A19103F-16F7-4668-BE54-9A1E7A4F7556}") = "SolidCP.EnterpriseServer.Client", "..\..\SolidCP.EnterpriseServer\WebServices\SolidCP.Build\SolidCP.EnterpriseServer.Client.csproj", "{FC92A0C7-6C26-4C6D-830D-B6B738694145}"
EndProject
Project("{9A19103F-16F7-4668-BE54-9A1E7A4F7556}") = "SolidCP.Web.Clients", "..\..\SolidCP.Web.Clients\SolidCP.Web.Clients.csproj", "{CA280AF4-BFF9-457F-8AB7-F1542F0CFFB8}"
EndProject
Global
	GlobalSection(SolutionConfigurationPlatforms) = preSolution
		Debug|Any CPU = Debug|Any CPU
		Release|Any CPU = Release|Any CPU
	EndGlobalSection
	GlobalSection(ProjectConfigurationPlatforms) = postSolution
		{CAD845DC-B209-4A07-94DA-B12FD14121F3}.Debug|Any CPU.ActiveCfg = Debug|Any CPU
		{CAD845DC-B209-4A07-94DA-B12FD14121F3}.Debug|Any CPU.Build.0 = Debug|Any CPU
		{CAD845DC-B209-4A07-94DA-B12FD14121F3}.Release|Any CPU.ActiveCfg = Release|Any CPU
		{CAD845DC-B209-4A07-94DA-B12FD14121F3}.Release|Any CPU.Build.0 = Release|Any CPU
		{684C932A-6C75-46AC-A327-F3689D89EB42}.Debug|Any CPU.ActiveCfg = Debug|Any CPU
		{684C932A-6C75-46AC-A327-F3689D89EB42}.Debug|Any CPU.Build.0 = Debug|Any CPU
		{684C932A-6C75-46AC-A327-F3689D89EB42}.Release|Any CPU.ActiveCfg = Release|Any CPU
		{684C932A-6C75-46AC-A327-F3689D89EB42}.Release|Any CPU.Build.0 = Release|Any CPU
		{C09CE910-F16B-48A1-B2CC-C99B8C1CF775}.Debug|Any CPU.ActiveCfg = Debug|Any CPU
		{C09CE910-F16B-48A1-B2CC-C99B8C1CF775}.Debug|Any CPU.Build.0 = Debug|Any CPU
		{C09CE910-F16B-48A1-B2CC-C99B8C1CF775}.Release|Any CPU.ActiveCfg = Release|Any CPU
		{C09CE910-F16B-48A1-B2CC-C99B8C1CF775}.Release|Any CPU.Build.0 = Release|Any CPU
		{FC92A0C7-6C26-4C6D-830D-B6B738694145}.Debug|Any CPU.ActiveCfg = Debug|Any CPU
		{FC92A0C7-6C26-4C6D-830D-B6B738694145}.Debug|Any CPU.Build.0 = Debug|Any CPU
		{FC92A0C7-6C26-4C6D-830D-B6B738694145}.Release|Any CPU.ActiveCfg = Release|Any CPU
		{FC92A0C7-6C26-4C6D-830D-B6B738694145}.Release|Any CPU.Build.0 = Release|Any CPU
		{CA280AF4-BFF9-457F-8AB7-F1542F0CFFB8}.Debug|Any CPU.ActiveCfg = Debug|Any CPU
		{CA280AF4-BFF9-457F-8AB7-F1542F0CFFB8}.Debug|Any CPU.Build.0 = Debug|Any CPU
		{CA280AF4-BFF9-457F-8AB7-F1542F0CFFB8}.Release|Any CPU.ActiveCfg = Release|Any CPU
		{CA280AF4-BFF9-457F-8AB7-F1542F0CFFB8}.Release|Any CPU.Build.0 = Release|Any CPU
	EndGlobalSection
	GlobalSection(SolutionProperties) = preSolution
		HideSolutionNode = FALSE
	EndGlobalSection
	GlobalSection(ExtensibilityGlobals) = postSolution
		SolutionGuid = {6FC0A219-5E3F-4C98-8A3F-AFD0CE3ED239}
	EndGlobalSection
EndGlobal
